{
    "version": 3,
    "terraform_version": "0.11.7",
    "serial": 5,
    "lineage": "9f26ed0d-c5a8-ec5f-0174-0fd44b946ecc",
    "modules": [
        {
            "path": [
                "root"
            ],
            "outputs": {
                "app_service_default_hostname": {
                    "sensitive": false,
                    "type": "string",
                    "value": "https://viraltest-appservice.azurewebsites.net"
                },
                "app_service_name": {
                    "sensitive": false,
                    "type": "string",
                    "value": "viraltest-appservice"
                }
            },
            "resources": {
                "azurerm_app_service.appservice": {
                    "type": "azurerm_app_service",
                    "depends_on": [
                        "azurerm_app_service_plan.default",
                        "azurerm_resource_group.resourcegroup"
                    ],
                    "primary": {
                        "id": "/subscriptions/a6edf9da-b31a-48ac-b34d-1a9673e0908c/resourceGroups/viraltestapp/providers/Microsoft.Web/sites/viraltest-appservice",
                        "attributes": {
                            "app_service_plan_id": "/subscriptions/a6edf9da-b31a-48ac-b34d-1a9673e0908c/resourceGroups/viraltestapp/providers/Microsoft.Web/serverfarms/viraltest-appservice",
                            "app_settings.%": "1",
                            "app_settings.WEBSITE_NODE_DEFAULT_VERSION": "6.9.1",
                            "client_affinity_enabled": "true",
                            "connection_string.#": "0",
                            "default_site_hostname": "viraltest-appservice.azurewebsites.net",
                            "enabled": "true",
                            "https_only": "false",
                            "id": "/subscriptions/a6edf9da-b31a-48ac-b34d-1a9673e0908c/resourceGroups/viraltestapp/providers/Microsoft.Web/sites/viraltest-appservice",
                            "identity.#": "0",
                            "location": "westeurope",
                            "name": "viraltest-appservice",
                            "outbound_ip_addresses": "104.40.191.174,23.100.3.112,23.97.216.155,23.97.186.126,23.97.184.187",
                            "resource_group_name": "viraltestapp",
                            "site_config.#": "1",
                            "site_config.0.always_on": "false",
                            "site_config.0.default_documents.#": "9",
                            "site_config.0.default_documents.0": "Default.htm",
                            "site_config.0.default_documents.1": "Default.html",
                            "site_config.0.default_documents.2": "Default.asp",
                            "site_config.0.default_documents.3": "index.htm",
                            "site_config.0.default_documents.4": "index.html",
                            "site_config.0.default_documents.5": "iisstart.htm",
                            "site_config.0.default_documents.6": "default.aspx",
                            "site_config.0.default_documents.7": "index.php",
                            "site_config.0.default_documents.8": "hostingstart.html",
                            "site_config.0.dotnet_framework_version": "v4.0",
                            "site_config.0.http2_enabled": "false",
                            "site_config.0.ip_restriction.#": "0",
                            "site_config.0.java_container": "",
                            "site_config.0.java_container_version": "",
                            "site_config.0.java_version": "",
                            "site_config.0.local_mysql_enabled": "false",
                            "site_config.0.managed_pipeline_mode": "Integrated",
                            "site_config.0.php_version": "5.6",
                            "site_config.0.python_version": "",
                            "site_config.0.remote_debugging_enabled": "false",
                            "site_config.0.remote_debugging_version": "",
                            "site_config.0.scm_type": "None",
                            "site_config.0.use_32_bit_worker_process": "true",
                            "site_config.0.websockets_enabled": "false",
                            "site_credential.#": "1",
                            "site_credential.0.password": "k9rCMP6GR0rw0lauuZnWvp7g9hlNAGew60Mh5flwubfPBd5hdGK0bn96xRct",
                            "site_credential.0.username": "$viraltest-appservice",
                            "source_control.#": "1",
                            "source_control.0.branch": "master",
                            "source_control.0.repo_url": "",
                            "tags.%": "0"
                        },
                        "meta": {},
                        "tainted": false
                    },
                    "deposed": [],
                    "provider": "provider.azurerm"
                },
                "azurerm_app_service_plan.default": {
                    "type": "azurerm_app_service_plan",
                    "depends_on": [
                        "azurerm_resource_group.resourcegroup"
                    ],
                    "primary": {
                        "id": "/subscriptions/a6edf9da-b31a-48ac-b34d-1a9673e0908c/resourceGroups/viraltestapp/providers/Microsoft.Web/serverfarms/viraltest-appservice",
                        "attributes": {
                            "id": "/subscriptions/a6edf9da-b31a-48ac-b34d-1a9673e0908c/resourceGroups/viraltestapp/providers/Microsoft.Web/serverfarms/viraltest-appservice",
                            "kind": "Windows",
                            "location": "westeurope",
                            "maximum_number_of_workers": "10",
                            "name": "viraltest-appservice",
                            "properties.#": "1",
                            "properties.0.app_service_environment_id": "",
                            "properties.0.per_site_scaling": "false",
                            "properties.0.reserved": "false",
                            "resource_group_name": "viraltestapp",
                            "sku.#": "1",
                            "sku.0.capacity": "1",
                            "sku.0.size": "S1",
                            "sku.0.tier": "Standard",
                            "tags.%": "0"
                        },
                        "meta": {},
                        "tainted": false
                    },
                    "deposed": [],
                    "provider": "provider.azurerm"
                },
                "azurerm_app_service_slot.appservice": {
                    "type": "azurerm_app_service_slot",
                    "depends_on": [
                        "azurerm_app_service.appservice",
                        "azurerm_app_service_plan.default",
                        "azurerm_resource_group.resourcegroup"
                    ],
                    "primary": {
                        "id": "/subscriptions/a6edf9da-b31a-48ac-b34d-1a9673e0908c/resourceGroups/viraltestapp/providers/Microsoft.Web/sites/viraltest-appservice/slots/viraltest-slotOne",
                        "attributes": {
                            "app_service_name": "viraltest-appservice",
                            "app_service_plan_id": "/subscriptions/a6edf9da-b31a-48ac-b34d-1a9673e0908c/resourceGroups/viraltestapp/providers/Microsoft.Web/serverfarms/viraltest-appservice",
                            "app_settings.%": "1",
                            "app_settings.WEBSITE_NODE_DEFAULT_VERSION": "6.9.1",
                            "client_affinity_enabled": "true",
                            "connection_string.#": "0",
                            "default_site_hostname": "viraltest-appservice-viraltest-slotone.azurewebsites.net",
                            "enabled": "true",
                            "https_only": "false",
                            "id": "/subscriptions/a6edf9da-b31a-48ac-b34d-1a9673e0908c/resourceGroups/viraltestapp/providers/Microsoft.Web/sites/viraltest-appservice/slots/viraltest-slotOne",
                            "location": "westeurope",
                            "name": "viraltest-slotOne",
                            "resource_group_name": "viraltestapp",
                            "site_config.#": "1",
                            "site_config.0.always_on": "false",
                            "site_config.0.default_documents.#": "9",
                            "site_config.0.default_documents.0": "Default.htm",
                            "site_config.0.default_documents.1": "Default.html",
                            "site_config.0.default_documents.2": "Default.asp",
                            "site_config.0.default_documents.3": "index.htm",
                            "site_config.0.default_documents.4": "index.html",
                            "site_config.0.default_documents.5": "iisstart.htm",
                            "site_config.0.default_documents.6": "default.aspx",
                            "site_config.0.default_documents.7": "index.php",
                            "site_config.0.default_documents.8": "hostingstart.html",
                            "site_config.0.dotnet_framework_version": "v4.0",
                            "site_config.0.http2_enabled": "false",
                            "site_config.0.ip_restriction.#": "0",
                            "site_config.0.java_container": "",
                            "site_config.0.java_container_version": "",
                            "site_config.0.java_version": "",
                            "site_config.0.local_mysql_enabled": "false",
                            "site_config.0.managed_pipeline_mode": "Integrated",
                            "site_config.0.php_version": "5.6",
                            "site_config.0.python_version": "",
                            "site_config.0.remote_debugging_enabled": "false",
                            "site_config.0.remote_debugging_version": "",
                            "site_config.0.scm_type": "None",
                            "site_config.0.use_32_bit_worker_process": "true",
                            "site_config.0.websockets_enabled": "false",
                            "tags.%": "0"
                        },
                        "meta": {},
                        "tainted": false
                    },
                    "deposed": [],
                    "provider": "provider.azurerm"
                },
                "azurerm_resource_group.resourcegroup": {
                    "type": "azurerm_resource_group",
                    "depends_on": [],
                    "primary": {
                        "id": "/subscriptions/a6edf9da-b31a-48ac-b34d-1a9673e0908c/resourceGroups/viraltestapp",
                        "attributes": {
                            "id": "/subscriptions/a6edf9da-b31a-48ac-b34d-1a9673e0908c/resourceGroups/viraltestapp",
                            "location": "westeurope",
                            "name": "viraltestapp",
                            "tags.%": "0"
                        },
                        "meta": {},
                        "tainted": false
                    },
                    "deposed": [],
                    "provider": "provider.azurerm"
                },
                "random_integer.ri": {
                    "type": "random_integer",
                    "depends_on": [],
                    "primary": {
                        "id": "62712",
                        "attributes": {
                            "id": "62712",
                            "max": "99999",
                            "min": "10000",
                            "result": "62712"
                        },
                        "meta": {},
                        "tainted": false
                    },
                    "deposed": [],
                    "provider": "provider.random"
                }
            },
            "depends_on": []
        }
    ]
}
